// !$*UTF8*$!
{
	archiveVersion = 1;
	classes = {
	};
	objectVersion = 55;
	objects = {

/* Begin PBXBuildFile section */
		1688D0C240CA09192EAD5690 /* Pods_NewsLineVK.framework in Frameworks */ = {isa = PBXBuildFile; fileRef = 7880568C754BC2223CF54521 /* Pods_NewsLineVK.framework */; };
		B5622F3628A4F61000F6470F /* GalleryCollectionView.swift in Sources */ = {isa = PBXBuildFile; fileRef = B5622F3528A4F61000F6470F /* GalleryCollectionView.swift */; };
		B5622F3828A4FB5100F6470F /* GalleryCell.swift in Sources */ = {isa = PBXBuildFile; fileRef = B5622F3728A4FB5100F6470F /* GalleryCell.swift */; };
		B5622F3A28A52CE400F6470F /* RowLayout.swift in Sources */ = {isa = PBXBuildFile; fileRef = B5622F3928A52CE400F6470F /* RowLayout.swift */; };
		B5622F3D28A6E10E00F6470F /* TitleView.swift in Sources */ = {isa = PBXBuildFile; fileRef = B5622F3C28A6E10E00F6470F /* TitleView.swift */; };
		B5622F3F28A90A4A00F6470F /* CustomTextField.swift in Sources */ = {isa = PBXBuildFile; fileRef = B5622F3E28A90A4A00F6470F /* CustomTextField.swift */; };
		B5FF57CF289953D800A090EF /* AppDelegate.swift in Sources */ = {isa = PBXBuildFile; fileRef = B5FF57CE289953D800A090EF /* AppDelegate.swift */; };
		B5FF57D1289953D800A090EF /* SceneDelegate.swift in Sources */ = {isa = PBXBuildFile; fileRef = B5FF57D0289953D800A090EF /* SceneDelegate.swift */; };
		B5FF57D3289953D800A090EF /* AuthViewController.swift in Sources */ = {isa = PBXBuildFile; fileRef = B5FF57D2289953D800A090EF /* AuthViewController.swift */; };
		B5FF57D8289953D900A090EF /* Assets.xcassets in Resources */ = {isa = PBXBuildFile; fileRef = B5FF57D7289953D900A090EF /* Assets.xcassets */; };
		B5FF57DB289953D900A090EF /* LaunchScreen.storyboard in Resources */ = {isa = PBXBuildFile; fileRef = B5FF57D9289953D900A090EF /* LaunchScreen.storyboard */; };
		B5FF57E32899584000A090EF /* AuthService.swift in Sources */ = {isa = PBXBuildFile; fileRef = B5FF57E22899584000A090EF /* AuthService.swift */; };
		B5FF57E628995BA500A090EF /* AuthViewController.storyboard in Resources */ = {isa = PBXBuildFile; fileRef = B5FF57E528995BA500A090EF /* AuthViewController.storyboard */; };
		B5FF57EE289A5C7400A090EF /* NetWorkService.swift in Sources */ = {isa = PBXBuildFile; fileRef = B5FF57ED289A5C7400A090EF /* NetWorkService.swift */; };
		B5FF57F0289A624C00A090EF /* QueryAPI.swift in Sources */ = {isa = PBXBuildFile; fileRef = B5FF57EF289A624C00A090EF /* QueryAPI.swift */; };
		B5FF57F3289AB7C400A090EF /* FeedResponse.swift in Sources */ = {isa = PBXBuildFile; fileRef = B5FF57F2289AB7C400A090EF /* FeedResponse.swift */; };
		B5FF57F5289AF3FA00A090EF /* NetworkDataFeather.swift in Sources */ = {isa = PBXBuildFile; fileRef = B5FF57F4289AF3FA00A090EF /* NetworkDataFeather.swift */; };
		B5FF57FE289E596100A090EF /* NewsFeedPresenter.swift in Sources */ = {isa = PBXBuildFile; fileRef = B5FF57F7289E596100A090EF /* NewsFeedPresenter.swift */; };
		B5FF57FF289E596100A090EF /* NewsFeedWorker.swift in Sources */ = {isa = PBXBuildFile; fileRef = B5FF57F8289E596100A090EF /* NewsFeedWorker.swift */; };
		B5FF5800289E596100A090EF /* NewsFeedRouter.swift in Sources */ = {isa = PBXBuildFile; fileRef = B5FF57F9289E596100A090EF /* NewsFeedRouter.swift */; };
		B5FF5801289E596100A090EF /* NewsFeedModels.swift in Sources */ = {isa = PBXBuildFile; fileRef = B5FF57FA289E596100A090EF /* NewsFeedModels.swift */; };
		B5FF5802289E596100A090EF /* NewsFeedViewController.swift in Sources */ = {isa = PBXBuildFile; fileRef = B5FF57FB289E596100A090EF /* NewsFeedViewController.swift */; };
		B5FF5803289E596100A090EF /* NewsFeedInteractor.swift in Sources */ = {isa = PBXBuildFile; fileRef = B5FF57FC289E596100A090EF /* NewsFeedInteractor.swift */; };
		B5FF5806289E719B00A090EF /* NewsFeedViewController.storyboard in Resources */ = {isa = PBXBuildFile; fileRef = B5FF5805289E719B00A090EF /* NewsFeedViewController.storyboard */; };
		B5FF5809289E89C400A090EF /* CellNewsfeed.swift in Sources */ = {isa = PBXBuildFile; fileRef = B5FF5808289E89C400A090EF /* CellNewsfeed.swift */; };
		B5FF580B289E8A2400A090EF /* CellNewsfeed.xib in Resources */ = {isa = PBXBuildFile; fileRef = B5FF580A289E8A2400A090EF /* CellNewsfeed.xib */; };
		B5FF580E289EEBC600A090EF /* WebImageView.swift in Sources */ = {isa = PBXBuildFile; fileRef = B5FF580D289EEBC600A090EF /* WebImageView.swift */; };
		B5FF581028A016BB00A090EF /* CalculatorCellLayout.swift in Sources */ = {isa = PBXBuildFile; fileRef = B5FF580F28A016BB00A090EF /* CalculatorCellLayout.swift */; };
		B5FF581228A03FF400A090EF /* CalculateHightText.swift in Sources */ = {isa = PBXBuildFile; fileRef = B5FF581128A03FF400A090EF /* CalculateHightText.swift */; };
		B5FF581428A107CB00A090EF /* NewsfeedCodeCell.swift in Sources */ = {isa = PBXBuildFile; fileRef = B5FF581328A107CB00A090EF /* NewsfeedCodeCell.swift */; };
		B5FF581628A1151600A090EF /* Constraints.swift in Sources */ = {isa = PBXBuildFile; fileRef = B5FF581528A1151600A090EF /* Constraints.swift */; };
		B5FF581828A1407200A090EF /* ConstantsSizeItem.swift in Sources */ = {isa = PBXBuildFile; fileRef = B5FF581728A1407200A090EF /* ConstantsSizeItem.swift */; };
/* End PBXBuildFile section */

/* Begin PBXFileReference section */
		5B6581CE9841F721750F7703 /* Pods-NewsLineVK.debug.xcconfig */ = {isa = PBXFileReference; includeInIndex = 1; lastKnownFileType = text.xcconfig; name = "Pods-NewsLineVK.debug.xcconfig"; path = "Target Support Files/Pods-NewsLineVK/Pods-NewsLineVK.debug.xcconfig"; sourceTree = "<group>"; };
		7880568C754BC2223CF54521 /* Pods_NewsLineVK.framework */ = {isa = PBXFileReference; explicitFileType = wrapper.framework; includeInIndex = 0; path = Pods_NewsLineVK.framework; sourceTree = BUILT_PRODUCTS_DIR; };
		B4ED44953FF4726335A1340B /* Pods-NewsLineVK.release.xcconfig */ = {isa = PBXFileReference; includeInIndex = 1; lastKnownFileType = text.xcconfig; name = "Pods-NewsLineVK.release.xcconfig"; path = "Target Support Files/Pods-NewsLineVK/Pods-NewsLineVK.release.xcconfig"; sourceTree = "<group>"; };
		B5622F3528A4F61000F6470F /* GalleryCollectionView.swift */ = {isa = PBXFileReference; lastKnownFileType = sourcecode.swift; path = GalleryCollectionView.swift; sourceTree = "<group>"; };
		B5622F3728A4FB5100F6470F /* GalleryCell.swift */ = {isa = PBXFileReference; lastKnownFileType = sourcecode.swift; path = GalleryCell.swift; sourceTree = "<group>"; };
		B5622F3928A52CE400F6470F /* RowLayout.swift */ = {isa = PBXFileReference; lastKnownFileType = sourcecode.swift; path = RowLayout.swift; sourceTree = "<group>"; };
		B5622F3C28A6E10E00F6470F /* TitleView.swift */ = {isa = PBXFileReference; lastKnownFileType = sourcecode.swift; path = TitleView.swift; sourceTree = "<group>"; };
		B5622F3E28A90A4A00F6470F /* CustomTextField.swift */ = {isa = PBXFileReference; lastKnownFileType = sourcecode.swift; path = CustomTextField.swift; sourceTree = "<group>"; };
		B5FF57CB289953D800A090EF /* NewsLineVK.app */ = {isa = PBXFileReference; explicitFileType = wrapper.application; includeInIndex = 0; path = NewsLineVK.app; sourceTree = BUILT_PRODUCTS_DIR; };
		B5FF57CE289953D800A090EF /* AppDelegate.swift */ = {isa = PBXFileReference; lastKnownFileType = sourcecode.swift; path = AppDelegate.swift; sourceTree = "<group>"; };
		B5FF57D0289953D800A090EF /* SceneDelegate.swift */ = {isa = PBXFileReference; lastKnownFileType = sourcecode.swift; path = SceneDelegate.swift; sourceTree = "<group>"; };
		B5FF57D2289953D800A090EF /* AuthViewController.swift */ = {isa = PBXFileReference; lastKnownFileType = sourcecode.swift; path = AuthViewController.swift; sourceTree = "<group>"; };
		B5FF57D7289953D900A090EF /* Assets.xcassets */ = {isa = PBXFileReference; lastKnownFileType = folder.assetcatalog; path = Assets.xcassets; sourceTree = "<group>"; };
		B5FF57DA289953D900A090EF /* Base */ = {isa = PBXFileReference; lastKnownFileType = file.storyboard; name = Base; path = Base.lproj/LaunchScreen.storyboard; sourceTree = "<group>"; };
		B5FF57DC289953D900A090EF /* Info.plist */ = {isa = PBXFileReference; lastKnownFileType = text.plist.xml; path = Info.plist; sourceTree = "<group>"; };
		B5FF57E22899584000A090EF /* AuthService.swift */ = {isa = PBXFileReference; lastKnownFileType = sourcecode.swift; path = AuthService.swift; sourceTree = "<group>"; };
		B5FF57E528995BA500A090EF /* AuthViewController.storyboard */ = {isa = PBXFileReference; lastKnownFileType = file.storyboard; path = AuthViewController.storyboard; sourceTree = "<group>"; };
		B5FF57ED289A5C7400A090EF /* NetWorkService.swift */ = {isa = PBXFileReference; lastKnownFileType = sourcecode.swift; path = NetWorkService.swift; sourceTree = "<group>"; };
		B5FF57EF289A624C00A090EF /* QueryAPI.swift */ = {isa = PBXFileReference; lastKnownFileType = sourcecode.swift; path = QueryAPI.swift; sourceTree = "<group>"; };
		B5FF57F2289AB7C400A090EF /* FeedResponse.swift */ = {isa = PBXFileReference; lastKnownFileType = sourcecode.swift; path = FeedResponse.swift; sourceTree = "<group>"; };
		B5FF57F4289AF3FA00A090EF /* NetworkDataFeather.swift */ = {isa = PBXFileReference; lastKnownFileType = sourcecode.swift; path = NetworkDataFeather.swift; sourceTree = "<group>"; };
		B5FF57F7289E596100A090EF /* NewsFeedPresenter.swift */ = {isa = PBXFileReference; lastKnownFileType = sourcecode.swift; path = NewsFeedPresenter.swift; sourceTree = "<group>"; };
		B5FF57F8289E596100A090EF /* NewsFeedWorker.swift */ = {isa = PBXFileReference; lastKnownFileType = sourcecode.swift; path = NewsFeedWorker.swift; sourceTree = "<group>"; };
		B5FF57F9289E596100A090EF /* NewsFeedRouter.swift */ = {isa = PBXFileReference; lastKnownFileType = sourcecode.swift; path = NewsFeedRouter.swift; sourceTree = "<group>"; };
		B5FF57FA289E596100A090EF /* NewsFeedModels.swift */ = {isa = PBXFileReference; lastKnownFileType = sourcecode.swift; path = NewsFeedModels.swift; sourceTree = "<group>"; };
		B5FF57FB289E596100A090EF /* NewsFeedViewController.swift */ = {isa = PBXFileReference; lastKnownFileType = sourcecode.swift; path = NewsFeedViewController.swift; sourceTree = "<group>"; };
		B5FF57FC289E596100A090EF /* NewsFeedInteractor.swift */ = {isa = PBXFileReference; lastKnownFileType = sourcecode.swift; path = NewsFeedInteractor.swift; sourceTree = "<group>"; };
		B5FF5805289E719B00A090EF /* NewsFeedViewController.storyboard */ = {isa = PBXFileReference; lastKnownFileType = file.storyboard; path = NewsFeedViewController.storyboard; sourceTree = "<group>"; };
		B5FF5808289E89C400A090EF /* CellNewsfeed.swift */ = {isa = PBXFileReference; lastKnownFileType = sourcecode.swift; path = CellNewsfeed.swift; sourceTree = "<group>"; };
		B5FF580A289E8A2400A090EF /* CellNewsfeed.xib */ = {isa = PBXFileReference; lastKnownFileType = file.xib; path = CellNewsfeed.xib; sourceTree = "<group>"; };
		B5FF580D289EEBC600A090EF /* WebImageView.swift */ = {isa = PBXFileReference; lastKnownFileType = sourcecode.swift; path = WebImageView.swift; sourceTree = "<group>"; };
		B5FF580F28A016BB00A090EF /* CalculatorCellLayout.swift */ = {isa = PBXFileReference; lastKnownFileType = sourcecode.swift; path = CalculatorCellLayout.swift; sourceTree = "<group>"; };
		B5FF581128A03FF400A090EF /* CalculateHightText.swift */ = {isa = PBXFileReference; lastKnownFileType = sourcecode.swift; path = CalculateHightText.swift; sourceTree = "<group>"; };
		B5FF581328A107CB00A090EF /* NewsfeedCodeCell.swift */ = {isa = PBXFileReference; lastKnownFileType = sourcecode.swift; path = NewsfeedCodeCell.swift; sourceTree = "<group>"; };
		B5FF581528A1151600A090EF /* Constraints.swift */ = {isa = PBXFileReference; lastKnownFileType = sourcecode.swift; path = Constraints.swift; sourceTree = "<group>"; };
		B5FF581728A1407200A090EF /* ConstantsSizeItem.swift */ = {isa = PBXFileReference; lastKnownFileType = sourcecode.swift; path = ConstantsSizeItem.swift; sourceTree = "<group>"; };
/* End PBXFileReference section */

/* Begin PBXFrameworksBuildPhase section */
		B5FF57C8289953D800A090EF /* Frameworks */ = {
			isa = PBXFrameworksBuildPhase;
			buildActionMask = 2147483647;
			files = (
				1688D0C240CA09192EAD5690 /* Pods_NewsLineVK.framework in Frameworks */,
			);
			runOnlyForDeploymentPostprocessing = 0;
		};
/* End PBXFrameworksBuildPhase section */

/* Begin PBXGroup section */
		7AFB8191CE7E41A7D5336760 /* Frameworks */ = {
			isa = PBXGroup;
			children = (
				7880568C754BC2223CF54521 /* Pods_NewsLineVK.framework */,
			);
			name = Frameworks;
			sourceTree = "<group>";
		};
		B5622F3428A4F5E100F6470F /* Gallery View */ = {
			isa = PBXGroup;
			children = (
				B5622F3928A52CE400F6470F /* RowLayout.swift */,
				B5622F3728A4FB5100F6470F /* GalleryCell.swift */,
				B5622F3528A4F61000F6470F /* GalleryCollectionView.swift */,
			);
			path = "Gallery View";
			sourceTree = "<group>";
		};
		B5622F3B28A6E0EF00F6470F /* Title View */ = {
			isa = PBXGroup;
			children = (
				B5622F3C28A6E10E00F6470F /* TitleView.swift */,
				B5622F3E28A90A4A00F6470F /* CustomTextField.swift */,
			);
			path = "Title View";
			sourceTree = "<group>";
		};
		B5FF57C2289953D800A090EF = {
			isa = PBXGroup;
			children = (
				B5FF57CD289953D800A090EF /* NewsLineVK */,
				B5FF57CC289953D800A090EF /* Products */,
				FCC51D32078DA4F3A8492CB9 /* Pods */,
				7AFB8191CE7E41A7D5336760 /* Frameworks */,
			);
			sourceTree = "<group>";
		};
		B5FF57CC289953D800A090EF /* Products */ = {
			isa = PBXGroup;
			children = (
				B5FF57CB289953D800A090EF /* NewsLineVK.app */,
			);
			name = Products;
			sourceTree = "<group>";
		};
		B5FF57CD289953D800A090EF /* NewsLineVK */ = {
			isa = PBXGroup;
			children = (
				B5FF57CE289953D800A090EF /* AppDelegate.swift */,
				B5FF57D0289953D800A090EF /* SceneDelegate.swift */,
				B5FF57F6289E592C00A090EF /* NewsFeed */,
				B5FF57EC2899B4DD00A090EF /* AuthViewController */,
				B5FF57E42899584900A090EF /* Services */,
				B5FF580C289EEB9700A090EF /* Helpers */,
				B5FF57D9289953D900A090EF /* LaunchScreen.storyboard */,
				B5FF57D7289953D900A090EF /* Assets.xcassets */,
				B5FF57DC289953D900A090EF /* Info.plist */,
			);
			path = NewsLineVK;
			sourceTree = "<group>";
		};
		B5FF57E42899584900A090EF /* Services */ = {
			isa = PBXGroup;
			children = (
				B5FF57F1289AB7A500A090EF /* ModelsForParsing */,
				B5FF57E22899584000A090EF /* AuthService.swift */,
				B5FF57ED289A5C7400A090EF /* NetWorkService.swift */,
				B5FF57EF289A624C00A090EF /* QueryAPI.swift */,
				B5FF57F4289AF3FA00A090EF /* NetworkDataFeather.swift */,
			);
			path = Services;
			sourceTree = "<group>";
		};
		B5FF57EC2899B4DD00A090EF /* AuthViewController */ = {
			isa = PBXGroup;
			children = (
				B5FF57D2289953D800A090EF /* AuthViewController.swift */,
				B5FF57E528995BA500A090EF /* AuthViewController.storyboard */,
			);
			path = AuthViewController;
			sourceTree = "<group>";
		};
		B5FF57F1289AB7A500A090EF /* ModelsForParsing */ = {
			isa = PBXGroup;
			children = (
				B5FF57F2289AB7C400A090EF /* FeedResponse.swift */,
			);
			path = ModelsForParsing;
			sourceTree = "<group>";
		};
		B5FF57F6289E592C00A090EF /* NewsFeed */ = {
			isa = PBXGroup;
			children = (
				B5622F3B28A6E0EF00F6470F /* Title View */,
				B5622F3428A4F5E100F6470F /* Gallery View */,
				B5FF5807289E899D00A090EF /* Cell */,
				B5FF57FB289E596100A090EF /* NewsFeedViewController.swift */,
				B5FF5805289E719B00A090EF /* NewsFeedViewController.storyboard */,
				B5FF57FC289E596100A090EF /* NewsFeedInteractor.swift */,
				B5FF57F7289E596100A090EF /* NewsFeedPresenter.swift */,
				B5FF57FA289E596100A090EF /* NewsFeedModels.swift */,
				B5FF57F8289E596100A090EF /* NewsFeedWorker.swift */,
				B5FF57F9289E596100A090EF /* NewsFeedRouter.swift */,
			);
			path = NewsFeed;
			sourceTree = "<group>";
		};
		B5FF5807289E899D00A090EF /* Cell */ = {
			isa = PBXGroup;
			children = (
				B5FF5808289E89C400A090EF /* CellNewsfeed.swift */,
				B5FF581328A107CB00A090EF /* NewsfeedCodeCell.swift */,
				B5FF580F28A016BB00A090EF /* CalculatorCellLayout.swift */,
				B5FF581728A1407200A090EF /* ConstantsSizeItem.swift */,
				B5FF580A289E8A2400A090EF /* CellNewsfeed.xib */,
			);
			path = Cell;
			sourceTree = "<group>";
		};
		B5FF580C289EEB9700A090EF /* Helpers */ = {
			isa = PBXGroup;
			children = (
				B5FF581528A1151600A090EF /* Constraints.swift */,
				B5FF580D289EEBC600A090EF /* WebImageView.swift */,
				B5FF581128A03FF400A090EF /* CalculateHightText.swift */,
			);
			path = Helpers;
			sourceTree = "<group>";
		};
		FCC51D32078DA4F3A8492CB9 /* Pods */ = {
			isa = PBXGroup;
			children = (
				5B6581CE9841F721750F7703 /* Pods-NewsLineVK.debug.xcconfig */,
				B4ED44953FF4726335A1340B /* Pods-NewsLineVK.release.xcconfig */,
			);
			path = Pods;
			sourceTree = "<group>";
		};
/* End PBXGroup section */

/* Begin PBXNativeTarget section */
		B5FF57CA289953D800A090EF /* NewsLineVK */ = {
			isa = PBXNativeTarget;
			buildConfigurationList = B5FF57DF289953D900A090EF /* Build configuration list for PBXNativeTarget "NewsLineVK" */;
			buildPhases = (
				2A545719098BAA69C7CB0A38 /* [CP] Check Pods Manifest.lock */,
				B5FF57C7289953D800A090EF /* Sources */,
				B5FF57C8289953D800A090EF /* Frameworks */,
				B5FF57C9289953D800A090EF /* Resources */,
				9FA601DF7A6304D95CE319F2 /* [CP] Embed Pods Frameworks */,
			);
			buildRules = (
			);
			dependencies = (
			);
			name = NewsLineVK;
			productName = NewsLineVK;
			productReference = B5FF57CB289953D800A090EF /* NewsLineVK.app */;
			productType = "com.apple.product-type.application";
		};
/* End PBXNativeTarget section */

/* Begin PBXProject section */
		B5FF57C3289953D800A090EF /* Project object */ = {
			isa = PBXProject;
			attributes = {
				BuildIndependentTargetsInParallel = 1;
				LastSwiftUpdateCheck = 1340;
				LastUpgradeCheck = 1340;
				TargetAttributes = {
					B5FF57CA289953D800A090EF = {
						CreatedOnToolsVersion = 13.4.1;
					};
				};
			};
			buildConfigurationList = B5FF57C6289953D800A090EF /* Build configuration list for PBXProject "NewsLineVK" */;
			compatibilityVersion = "Xcode 13.0";
			developmentRegion = en;
			hasScannedForEncodings = 0;
			knownRegions = (
				en,
				Base,
			);
			mainGroup = B5FF57C2289953D800A090EF;
			productRefGroup = B5FF57CC289953D800A090EF /* Products */;
			projectDirPath = "";
			projectRoot = "";
			targets = (
				B5FF57CA289953D800A090EF /* NewsLineVK */,
			);
		};
/* End PBXProject section */

/* Begin PBXResourcesBuildPhase section */
		B5FF57C9289953D800A090EF /* Resources */ = {
			isa = PBXResourcesBuildPhase;
			buildActionMask = 2147483647;
			files = (
				B5FF57DB289953D900A090EF /* LaunchScreen.storyboard in Resources */,
				B5FF580B289E8A2400A090EF /* CellNewsfeed.xib in Resources */,
				B5FF57E628995BA500A090EF /* AuthViewController.storyboard in Resources */,
				B5FF57D8289953D900A090EF /* Assets.xcassets in Resources */,
				B5FF5806289E719B00A090EF /* NewsFeedViewController.storyboard in Resources */,
			);
			runOnlyForDeploymentPostprocessing = 0;
		};
/* End PBXResourcesBuildPhase section */

/* Begin PBXShellScriptBuildPhase section */
		2A545719098BAA69C7CB0A38 /* [CP] Check Pods Manifest.lock */ = {
			isa = PBXShellScriptBuildPhase;
			buildActionMask = 2147483647;
			files = (
			);
			inputFileListPaths = (
			);
			inputPaths = (
				"${PODS_PODFILE_DIR_PATH}/Podfile.lock",
				"${PODS_ROOT}/Manifest.lock",
			);
			name = "[CP] Check Pods Manifest.lock";
			outputFileListPaths = (
			);
			outputPaths = (
				"$(DERIVED_FILE_DIR)/Pods-NewsLineVK-checkManifestLockResult.txt",
			);
			runOnlyForDeploymentPostprocessing = 0;
			shellPath = /bin/sh;
			shellScript = "diff \"${PODS_PODFILE_DIR_PATH}/Podfile.lock\" \"${PODS_ROOT}/Manifest.lock\" > /dev/null\nif [ $? != 0 ] ; then\n    # print error to STDERR\n    echo \"error: The sandbox is not in sync with the Podfile.lock. Run 'pod install' or update your CocoaPods installation.\" >&2\n    exit 1\nfi\n# This output is used by Xcode 'outputs' to avoid re-running this script phase.\necho \"SUCCESS\" > \"${SCRIPT_OUTPUT_FILE_0}\"\n";
			showEnvVarsInLog = 0;
		};
		9FA601DF7A6304D95CE319F2 /* [CP] Embed Pods Frameworks */ = {
			isa = PBXShellScriptBuildPhase;
			buildActionMask = 2147483647;
			files = (
			);
			inputFileListPaths = (
				"${PODS_ROOT}/Target Support Files/Pods-NewsLineVK/Pods-NewsLineVK-frameworks-${CONFIGURATION}-input-files.xcfilelist",
			);
			name = "[CP] Embed Pods Frameworks";
			outputFileListPaths = (
				"${PODS_ROOT}/Target Support Files/Pods-NewsLineVK/Pods-NewsLineVK-frameworks-${CONFIGURATION}-output-files.xcfilelist",
			);
			runOnlyForDeploymentPostprocessing = 0;
			shellPath = /bin/sh;
			shellScript = "\"${PODS_ROOT}/Target Support Files/Pods-NewsLineVK/Pods-NewsLineVK-frameworks.sh\"\n";
			showEnvVarsInLog = 0;
		};
/* End PBXShellScriptBuildPhase section */

/* Begin PBXSourcesBuildPhase section */
		B5FF57C7289953D800A090EF /* Sources */ = {
			isa = PBXSourcesBuildPhase;
			buildActionMask = 2147483647;
			files = (
				B5622F3F28A90A4A00F6470F /* CustomTextField.swift in Sources */,
				B5622F3A28A52CE400F6470F /* RowLayout.swift in Sources */,
				B5FF57F3289AB7C400A090EF /* FeedResponse.swift in Sources */,
				B5FF57FE289E596100A090EF /* NewsFeedPresenter.swift in Sources */,
				B5622F3828A4FB5100F6470F /* GalleryCell.swift in Sources */,
				B5FF581428A107CB00A090EF /* NewsfeedCodeCell.swift in Sources */,
				B5FF57EE289A5C7400A090EF /* NetWorkService.swift in Sources */,
				B5FF57D3289953D800A090EF /* AuthViewController.swift in Sources */,
				B5FF5803289E596100A090EF /* NewsFeedInteractor.swift in Sources */,
				B5FF57F5289AF3FA00A090EF /* NetworkDataFeather.swift in Sources */,
				B5FF57CF289953D800A090EF /* AppDelegate.swift in Sources */,
				B5FF57D1289953D800A090EF /* SceneDelegate.swift in Sources */,
				B5FF57FF289E596100A090EF /* NewsFeedWorker.swift in Sources */,
				B5FF580E289EEBC600A090EF /* WebImageView.swift in Sources */,
				B5FF581828A1407200A090EF /* ConstantsSizeItem.swift in Sources */,
				B5622F3D28A6E10E00F6470F /* TitleView.swift in Sources */,
				B5FF5800289E596100A090EF /* NewsFeedRouter.swift in Sources */,
				B5FF581628A1151600A090EF /* Constraints.swift in Sources */,
				B5FF57E32899584000A090EF /* AuthService.swift in Sources */,
				B5FF581228A03FF400A090EF /* CalculateHightText.swift in Sources */,
				B5FF57F0289A624C00A090EF /* QueryAPI.swift in Sources */,
				B5622F3628A4F61000F6470F /* GalleryCollectionView.swift in Sources */,
				B5FF5801289E596100A090EF /* NewsFeedModels.swift in Sources */,
				B5FF5809289E89C400A090EF /* CellNewsfeed.swift in Sources */,
				B5FF5802289E596100A090EF /* NewsFeedViewController.swift in Sources */,
				B5FF581028A016BB00A090EF /* CalculatorCellLayout.swift in Sources */,
			);
			runOnlyForDeploymentPostprocessing = 0;
		};
/* End PBXSourcesBuildPhase section */

/* Begin PBXVariantGroup section */
		B5FF57D9289953D900A090EF /* LaunchScreen.storyboard */ = {
			isa = PBXVariantGroup;
			children = (
				B5FF57DA289953D900A090EF /* Base */,
			);
			name = LaunchScreen.storyboard;
			sourceTree = "<group>";
		};
/* End PBXVariantGroup section */

/* Begin XCBuildConfiguration section */
		B5FF57DD289953D900A090EF /* Debug */ = {
			isa = XCBuildConfiguration;
			buildSettings = {
				ALWAYS_SEARCH_USER_PATHS = NO;
				CLANG_ANALYZER_NONNULL = YES;
				CLANG_ANALYZER_NUMBER_OBJECT_CONVERSION = YES_AGGRESSIVE;
				CLANG_CXX_LANGUAGE_STANDARD = "gnu++17";
				CLANG_ENABLE_MODULES = YES;
				CLANG_ENABLE_OBJC_ARC = YES;
				CLANG_ENABLE_OBJC_WEAK = YES;
				CLANG_WARN_BLOCK_CAPTURE_AUTORELEASING = YES;
				CLANG_WARN_BOOL_CONVERSION = YES;
				CLANG_WARN_COMMA = YES;
				CLANG_WARN_CONSTANT_CONVERSION = YES;
				CLANG_WARN_DEPRECATED_OBJC_IMPLEMENTATIONS = YES;
				CLANG_WARN_DIRECT_OBJC_ISA_USAGE = YES_ERROR;
				CLANG_WARN_DOCUMENTATION_COMMENTS = YES;
				CLANG_WARN_EMPTY_BODY = YES;
				CLANG_WARN_ENUM_CONVERSION = YES;
				CLANG_WARN_INFINITE_RECURSION = YES;
				CLANG_WARN_INT_CONVERSION = YES;
				CLANG_WARN_NON_LITERAL_NULL_CONVERSION = YES;
				CLANG_WARN_OBJC_IMPLICIT_RETAIN_SELF = YES;
				CLANG_WARN_OBJC_LITERAL_CONVERSION = YES;
				CLANG_WARN_OBJC_ROOT_CLASS = YES_ERROR;
				CLANG_WARN_QUOTED_INCLUDE_IN_FRAMEWORK_HEADER = YES;
				CLANG_WARN_RANGE_LOOP_ANALYSIS = YES;
				CLANG_WARN_STRICT_PROTOTYPES = YES;
				CLANG_WARN_SUSPICIOUS_MOVE = YES;
				CLANG_WARN_UNGUARDED_AVAILABILITY = YES_AGGRESSIVE;
				CLANG_WARN_UNREACHABLE_CODE = YES;
				CLANG_WARN__DUPLICATE_METHOD_MATCH = YES;
				COPY_PHASE_STRIP = NO;
				DEBUG_INFORMATION_FORMAT = dwarf;
				ENABLE_STRICT_OBJC_MSGSEND = YES;
				ENABLE_TESTABILITY = YES;
				GCC_C_LANGUAGE_STANDARD = gnu11;
				GCC_DYNAMIC_NO_PIC = NO;
				GCC_NO_COMMON_BLOCKS = YES;
				GCC_OPTIMIZATION_LEVEL = 0;
				GCC_PREPROCESSOR_DEFINITIONS = (
					"DEBUG=1",
					"$(inherited)",
				);
				GCC_WARN_64_TO_32_BIT_CONVERSION = YES;
				GCC_WARN_ABOUT_RETURN_TYPE = YES_ERROR;
				GCC_WARN_UNDECLARED_SELECTOR = YES;
				GCC_WARN_UNINITIALIZED_AUTOS = YES_AGGRESSIVE;
				GCC_WARN_UNUSED_FUNCTION = YES;
				GCC_WARN_UNUSED_VARIABLE = YES;
				IPHONEOS_DEPLOYMENT_TARGET = 15.5;
				MTL_ENABLE_DEBUG_INFO = INCLUDE_SOURCE;
				MTL_FAST_MATH = YES;
				ONLY_ACTIVE_ARCH = YES;
				SDKROOT = iphoneos;
				SWIFT_ACTIVE_COMPILATION_CONDITIONS = DEBUG;
				SWIFT_OPTIMIZATION_LEVEL = "-Onone";
			};
			name = Debug;
		};
		B5FF57DE289953D900A090EF /* Release */ = {
			isa = XCBuildConfiguration;
			buildSettings = {
				ALWAYS_SEARCH_USER_PATHS = NO;
				CLANG_ANALYZER_NONNULL = YES;
				CLANG_ANALYZER_NUMBER_OBJECT_CONVERSION = YES_AGGRESSIVE;
				CLANG_CXX_LANGUAGE_STANDARD = "gnu++17";
				CLANG_ENABLE_MODULES = YES;
				CLANG_ENABLE_OBJC_ARC = YES;
				CLANG_ENABLE_OBJC_WEAK = YES;
				CLANG_WARN_BLOCK_CAPTURE_AUTORELEASING = YES;
				CLANG_WARN_BOOL_CONVERSION = YES;
				CLANG_WARN_COMMA = YES;
				CLANG_WARN_CONSTANT_CONVERSION = YES;
				CLANG_WARN_DEPRECATED_OBJC_IMPLEMENTATIONS = YES;
				CLANG_WARN_DIRECT_OBJC_ISA_USAGE = YES_ERROR;
				CLANG_WARN_DOCUMENTATION_COMMENTS = YES;
				CLANG_WARN_EMPTY_BODY = YES;
				CLANG_WARN_ENUM_CONVERSION = YES;
				CLANG_WARN_INFINITE_RECURSION = YES;
				CLANG_WARN_INT_CONVERSION = YES;
				CLANG_WARN_NON_LITERAL_NULL_CONVERSION = YES;
				CLANG_WARN_OBJC_IMPLICIT_RETAIN_SELF = YES;
				CLANG_WARN_OBJC_LITERAL_CONVERSION = YES;
				CLANG_WARN_OBJC_ROOT_CLASS = YES_ERROR;
				CLANG_WARN_QUOTED_INCLUDE_IN_FRAMEWORK_HEADER = YES;
				CLANG_WARN_RANGE_LOOP_ANALYSIS = YES;
				CLANG_WARN_STRICT_PROTOTYPES = YES;
				CLANG_WARN_SUSPICIOUS_MOVE = YES;
				CLANG_WARN_UNGUARDED_AVAILABILITY = YES_AGGRESSIVE;
				CLANG_WARN_UNREACHABLE_CODE = YES;
				CLANG_WARN__DUPLICATE_METHOD_MATCH = YES;
				COPY_PHASE_STRIP = NO;
				DEBUG_INFORMATION_FORMAT = "dwarf-with-dsym";
				ENABLE_NS_ASSERTIONS = NO;
				ENABLE_STRICT_OBJC_MSGSEND = YES;
				GCC_C_LANGUAGE_STANDARD = gnu11;
				GCC_NO_COMMON_BLOCKS = YES;
				GCC_WARN_64_TO_32_BIT_CONVERSION = YES;
				GCC_WARN_ABOUT_RETURN_TYPE = YES_ERROR;
				GCC_WARN_UNDECLARED_SELECTOR = YES;
				GCC_WARN_UNINITIALIZED_AUTOS = YES_AGGRESSIVE;
				GCC_WARN_UNUSED_FUNCTION = YES;
				GCC_WARN_UNUSED_VARIABLE = YES;
				IPHONEOS_DEPLOYMENT_TARGET = 15.5;
				MTL_ENABLE_DEBUG_INFO = NO;
				MTL_FAST_MATH = YES;
				SDKROOT = iphoneos;
				SWIFT_COMPILATION_MODE = wholemodule;
				SWIFT_OPTIMIZATION_LEVEL = "-O";
				VALIDATE_PRODUCT = YES;
			};
			name = Release;
		};
		B5FF57E0289953D900A090EF /* Debug */ = {
			isa = XCBuildConfiguration;
			baseConfigurationReference = 5B6581CE9841F721750F7703 /* Pods-NewsLineVK.debug.xcconfig */;
			buildSettings = {
				ASSETCATALOG_COMPILER_APPICON_NAME = AppIcon;
				ASSETCATALOG_COMPILER_GLOBAL_ACCENT_COLOR_NAME = AccentColor;
				CODE_SIGN_STYLE = Automatic;
				CURRENT_PROJECT_VERSION = 1;
				DEVELOPMENT_TEAM = 7F2F462T64;
				GENERATE_INFOPLIST_FILE = YES;
				INFOPLIST_FILE = NewsLineVK/Info.plist;
				INFOPLIST_KEY_UIApplicationSupportsIndirectInputEvents = YES;
				INFOPLIST_KEY_UILaunchStoryboardName = LaunchScreen;
				INFOPLIST_KEY_UISupportedInterfaceOrientations_iPad = "UIInterfaceOrientationPortrait UIInterfaceOrientationPortraitUpsideDown UIInterfaceOrientationLandscapeLeft UIInterfaceOrientationLandscapeRight";
				INFOPLIST_KEY_UISupportedInterfaceOrientations_iPhone = "UIInterfaceOrientationPortrait UIInterfaceOrientationLandscapeLeft UIInterfaceOrientationLandscapeRight";
				LD_RUNPATH_SEARCH_PATHS = (
					"$(inherited)",
					"@executable_path/Frameworks",
				);
				MARKETING_VERSION = 1.0;
				PRODUCT_BUNDLE_IDENTIFIER = alexey.poprotskii.NewsLineVK;
				PRODUCT_NAME = "$(TARGET_NAME)";
				SWIFT_EMIT_LOC_STRINGS = YES;
				SWIFT_VERSION = 5.0;
				TARGETED_DEVICE_FAMILY = "1,2";
			};
			name = Debug;
		};
		B5FF57E1289953D900A090EF /* Release */ = {
			isa = XCBuildConfiguration;
			baseConfigurationReference = B4ED44953FF4726335A1340B /* Pods-NewsLineVK.release.xcconfig */;
			buildSettings = {
				ASSETCATALOG_COMPILER_APPICON_NAME = AppIcon;
				ASSETCATALOG_COMPILER_GLOBAL_ACCENT_COLOR_NAME = AccentColor;
				CODE_SIGN_STYLE = Automatic;
				CURRENT_PROJECT_VERSION = 1;
				DEVELOPMENT_TEAM = 7F2F462T64;
				GENERATE_INFOPLIST_FILE = YES;
				INFOPLIST_FILE = NewsLineVK/Info.plist;
				INFOPLIST_KEY_UIApplicationSupportsIndirectInputEvents = YES;
				INFOPLIST_KEY_UILaunchStoryboardName = LaunchScreen;
				INFOPLIST_KEY_UISupportedInterfaceOrientations_iPad = "UIInterfaceOrientationPortrait UIInterfaceOrientationPortraitUpsideDown UIInterfaceOrientationLandscapeLeft UIInterfaceOrientationLandscapeRight";
				INFOPLIST_KEY_UISupportedInterfaceOrientations_iPhone = "UIInterfaceOrientationPortrait UIInterfaceOrientationLandscapeLeft UIInterfaceOrientationLandscapeRight";
				LD_RUNPATH_SEARCH_PATHS = (
					"$(inherited)",
					"@executable_path/Frameworks",
				);
				MARKETING_VERSION = 1.0;
				PRODUCT_BUNDLE_IDENTIFIER = alexey.poprotskii.NewsLineVK;
				PRODUCT_NAME = "$(TARGET_NAME)";
				SWIFT_EMIT_LOC_STRINGS = YES;
				SWIFT_VERSION = 5.0;
				TARGETED_DEVICE_FAMILY = "1,2";
			};
			name = Release;
		};
/* End XCBuildConfiguration section */

/* Begin XCConfigurationList section */
		B5FF57C6289953D800A090EF /* Build configuration list for PBXProject "NewsLineVK" */ = {
			isa = XCConfigurationList;
			buildConfigurations = (
				B5FF57DD289953D900A090EF /* Debug */,
				B5FF57DE289953D900A090EF /* Release */,
			);
			defaultConfigurationIsVisible = 0;
			defaultConfigurationName = Release;
		};
		B5FF57DF289953D900A090EF /* Build configuration list for PBXNativeTarget "NewsLineVK" */ = {
			isa = XCConfigurationList;
			buildConfigurations = (
				B5FF57E0289953D900A090EF /* Debug */,
				B5FF57E1289953D900A090EF /* Release */,
			);
			defaultConfigurationIsVisible = 0;
			defaultConfigurationName = Release;
		};
/* End XCConfigurationList section */
	};
	rootObject = B5FF57C3289953D800A090EF /* Project object */;
}
